
Microsoft Visual Studio Solution File, Format Version 12.00
Project("{FAE04EC0-301F-11D3-BF4B-00C04F79EFBC}") = "IceCreamApi", "IceCreamApi\IceCreamApi.csproj", "{A295AF51-6F64-4981-AF7A-EE973BF5930E}"
EndProject
Project("{FAE04EC0-301F-11D3-BF4B-00C04F79EFBC}") = "RazorWebApp", "RazorWebApp\RazorWebApp.csproj", "{22A2A39E-6542-4BA1-BC67-17EDCB9AA461}"
EndProject
Global
	GlobalSection(SolutionConfigurationPlatforms) = preSolution
		Debug|Any CPU = Debug|Any CPU
		Release|Any CPU = Release|Any CPU
	EndGlobalSection
	GlobalSection(ProjectConfigurationPlatforms) = postSolution
		{A295AF51-6F64-4981-AF7A-EE973BF5930E}.Debug|Any CPU.ActiveCfg = Debug|Any CPU
		{A295AF51-6F64-4981-AF7A-EE973BF5930E}.Debug|Any CPU.Build.0 = Debug|Any CPU
		{A295AF51-6F64-4981-AF7A-EE973BF5930E}.Release|Any CPU.ActiveCfg = Release|Any CPU
		{A295AF51-6F64-4981-AF7A-EE973BF5930E}.Release|Any CPU.Build.0 = Release|Any CPU
		{22A2A39E-6542-4BA1-BC67-17EDCB9AA461}.Debug|Any CPU.ActiveCfg = Debug|Any CPU
		{22A2A39E-6542-4BA1-BC67-17EDCB9AA461}.Debug|Any CPU.Build.0 = Debug|Any CPU
		{22A2A39E-6542-4BA1-BC67-17EDCB9AA461}.Release|Any CPU.ActiveCfg = Release|Any CPU
		{22A2A39E-6542-4BA1-BC67-17EDCB9AA461}.Release|Any CPU.Build.0 = Release|Any CPU
	EndGlobalSection
EndGlobal
